
Microsoft Visual Studio Solution File, Format Version 12.00
# Visual Studio Version 17
VisualStudioVersion = 17.1.32210.238
MinimumVisualStudioVersion = 10.0.40219.1
Project("{FAE04EC0-301F-11D3-BF4B-00C04F79EFBC}") = "Demo.Android", "Demo.Android\Demo.Android.csproj", "{8564C04D-1816-4563-AADD-AE07876D06AA}"
EndProject
Project("{FAE04EC0-301F-11D3-BF4B-00C04F79EFBC}") = "Demo", "Demo\Demo.csproj", "{3EF5763B-FE5A-42C1-8BA1-453FAF2A8297}"
EndProject
Global
	GlobalSection(SolutionConfigurationPlatforms) = preSolution
		Debug|Any CPU = Debug|Any CPU
		Release|Any CPU = Release|Any CPU
	EndGlobalSection
	GlobalSection(ProjectConfigurationPlatforms) = postSolution
		{8564C04D-1816-4563-AADD-AE07876D06AA}.Debug|Any CPU.ActiveCfg = Debug|Any CPU
		{8564C04D-1816-4563-AADD-AE07876D06AA}.Debug|Any CPU.Build.0 = Debug|Any CPU
		{8564C04D-1816-4563-AADD-AE07876D06AA}.Debug|Any CPU.Deploy.0 = Debug|Any CPU
		{8564C04D-1816-4563-AADD-AE07876D06AA}.Release|Any CPU.ActiveCfg = Release|Any CPU
		{8564C04D-1816-4563-AADD-AE07876D06AA}.Release|Any CPU.Build.0 = Release|Any CPU
		{8564C04D-1816-4563-AADD-AE07876D06AA}.Release|Any CPU.Deploy.0 = Release|Any CPU
		{3EF5763B-FE5A-42C1-8BA1-453FAF2A8297}.Debug|Any CPU.ActiveCfg = Debug|Any CPU
		{3EF5763B-FE5A-42C1-8BA1-453FAF2A8297}.Debug|Any CPU.Build.0 = Debug|Any CPU
		{3EF5763B-FE5A-42C1-8BA1-453FAF2A8297}.Debug|Any CPU.Deploy.0 = Debug|Any CPU
		{3EF5763B-FE5A-42C1-8BA1-453FAF2A8297}.Release|Any CPU.ActiveCfg = Release|Any CPU
		{3EF5763B-FE5A-42C1-8BA1-453FAF2A8297}.Release|Any CPU.Build.0 = Release|Any CPU
		{3EF5763B-FE5A-42C1-8BA1-453FAF2A8297}.Release|Any CPU.Deploy.0 = Release|Any CPU
	EndGlobalSection
	GlobalSection(SolutionProperties) = preSolution
		HideSolutionNode = FALSE
	EndGlobalSection
	GlobalSection(ExtensibilityGlobals) = postSolution
		SolutionGuid = {8607CB89-CA78-4685-B606-8E83A23F23B3}
	EndGlobalSection
EndGlobal
